
Microsoft Visual Studio Solution File, Format Version 12.00
# Visual Studio Version 17
VisualStudioVersion = 17.1.32319.34
MinimumVisualStudioVersion = 10.0.40219.1
Project("{FAE04EC0-301F-11D3-BF4B-00C04F79EFBC}") = "夏休みの課題", "夏休みの課題\夏休みの課題.csproj", "{F8028258-BF58-49FD-AB0C-16519EA370DC}"
EndProject
Global
	GlobalSection(SolutionConfigurationPlatforms) = preSolution
		Debug|Any CPU = Debug|Any CPU
		Release|Any CPU = Release|Any CPU
	EndGlobalSection
	GlobalSection(ProjectConfigurationPlatforms) = postSolution
		{F8028258-BF58-49FD-AB0C-16519EA370DC}.Debug|Any CPU.ActiveCfg = Debug|Any CPU
		{F8028258-BF58-49FD-AB0C-16519EA370DC}.Debug|Any CPU.Build.0 = Debug|Any CPU
		{F8028258-BF58-49FD-AB0C-16519EA370DC}.Release|Any CPU.ActiveCfg = Release|Any CPU
		{F8028258-BF58-49FD-AB0C-16519EA370DC}.Release|Any CPU.Build.0 = Release|Any CPU
	EndGlobalSection
	GlobalSection(SolutionProperties) = preSolution
		HideSolutionNode = FALSE
	EndGlobalSection
	GlobalSection(ExtensibilityGlobals) = postSolution
		SolutionGuid = {1B4010BC-C9F7-4216-947F-EF58B7E26246}
	EndGlobalSection
EndGlobal
